
Microsoft Visual Studio Solution File, Format Version 12.00
# Visual Studio Version 17
VisualStudioVersion = 17.3.32929.385
MinimumVisualStudioVersion = 10.0.40219.1
Project("{FAE04EC0-301F-11D3-BF4B-00C04F79EFBC}") = "GameTask", "PyShopTestTask\GameTask.csproj", "{26D58FAA-25AD-4683-8828-DBF3FC4E1C8F}"
EndProject
Project("{FAE04EC0-301F-11D3-BF4B-00C04F79EFBC}") = "GameTask.Tests", "GameTask.Tests\GameTask.Tests.csproj", "{52B347C3-B8D5-4B09-88BA-33F18F48B39D}"
EndProject
Global
	GlobalSection(SolutionConfigurationPlatforms) = preSolution
		Debug|Any CPU = Debug|Any CPU
		Release|Any CPU = Release|Any CPU
	EndGlobalSection
	GlobalSection(ProjectConfigurationPlatforms) = postSolution
		{26D58FAA-25AD-4683-8828-DBF3FC4E1C8F}.Debug|Any CPU.ActiveCfg = Debug|Any CPU
		{26D58FAA-25AD-4683-8828-DBF3FC4E1C8F}.Debug|Any CPU.Build.0 = Debug|Any CPU
		{26D58FAA-25AD-4683-8828-DBF3FC4E1C8F}.Release|Any CPU.ActiveCfg = Release|Any CPU
		{26D58FAA-25AD-4683-8828-DBF3FC4E1C8F}.Release|Any CPU.Build.0 = Release|Any CPU
		{52B347C3-B8D5-4B09-88BA-33F18F48B39D}.Debug|Any CPU.ActiveCfg = Debug|Any CPU
		{52B347C3-B8D5-4B09-88BA-33F18F48B39D}.Debug|Any CPU.Build.0 = Debug|Any CPU
		{52B347C3-B8D5-4B09-88BA-33F18F48B39D}.Release|Any CPU.ActiveCfg = Release|Any CPU
		{52B347C3-B8D5-4B09-88BA-33F18F48B39D}.Release|Any CPU.Build.0 = Release|Any CPU
	EndGlobalSection
	GlobalSection(SolutionProperties) = preSolution
		HideSolutionNode = FALSE
	EndGlobalSection
	GlobalSection(ExtensibilityGlobals) = postSolution
		SolutionGuid = {10A7EB23-A1DC-443D-A49B-613601BE597B}
	EndGlobalSection
EndGlobal
